{
  "nodes": {
    "disko": {
      "inputs": {
        "nixpkgs": [
          "nixpkgs"
        ]
      },
      "locked": {
        "lastModified": 1772867152,
        "narHash": "sha256-RIFgZ4O6Eg+5ysZ8Tqb3YvcqiRaNy440GEY22ltjRrs=",
        "owner": "nix-community",
        "repo": "disko",
        "rev": "eaafb89b56e948661d618eefd4757d9ea8d77514",
        "type": "github"
      },
      "original": {
        "owner": "nix-community",
        "repo": "disko",
        "type": "github"
      }
    },
    "disko_2": {
      "inputs": {
        "nixpkgs": [
          "unattended",
          "nixpkgs"
        ]
      },
      "locked": {
        "lastModified": 1719864345,
        "narHash": "sha256-e4Pw+30vFAxuvkSTaTypd9zYemB/QlWcH186dsGT+Ms=",
        "owner": "nix-community",
        "repo": "disko",
        "rev": "544a80a69d6e2da04e4df7ec8210a858de8c7533",
        "type": "github"
      },
      "original": {
        "owner": "nix-community",
        "repo": "disko",
        "type": "github"
      }
    },
    "nixpkgs": {
      "locked": {
        "lastModified": 1772542754,
        "narHash": "sha256-WGV2hy+VIeQsYXpsLjdr4GvHv5eECMISX1zKLTedhdg=",
        "owner": "NixOS",
        "repo": "nixpkgs",
        "rev": "8c809a146a140c5c8806f13399592dbcb1bb5dc4",
        "type": "github"
      },
      "original": {
        "owner": "NixOS",
        "ref": "nixos-unstable",
        "repo": "nixpkgs",
        "type": "github"
      }
    },
    "nixpkgs_2": {
      "locked": {
        "lastModified": 1719848872,
        "narHash": "sha256-H3+EC5cYuq+gQW8y0lSrrDZfH71LB4DAf+TDFyvwCNA=",
        "owner": "nixos",
        "repo": "nixpkgs",
        "rev": "00d80d13810dbfea8ab4ed1009b09100cca86ba8",
        "type": "github"
      },
      "original": {
        "owner": "nixos",
        "ref": "nixos-unstable",
        "repo": "nixpkgs",
        "type": "github"
      }
    },
    "root": {
      "inputs": {
        "disko": "disko",
        "nixpkgs": "nixpkgs",
        "unattended": "unattended"
      }
    },
    "unattended": {
      "inputs": {
        "disko": "disko_2",
        "nixpkgs": "nixpkgs_2"
      },
      "locked": {
        "lastModified": 1724352083,
        "narHash": "sha256-GP8YzfLFOFcSSRqGkzG7HGu/hT749saBgRUMSClkqwU=",
        "owner": "chrillefkr",
        "repo": "nixos-unattended-installer",
        "rev": "25936f740d57d43a05adbb0e667deabd641d9ebc",
        "type": "github"
      },
      "original": {
        "owner": "chrillefkr",
        "repo": "nixos-unattended-installer",
        "type": "github"
      }
    }
  },
  "root": "root",
  "version": 7
}
